// !$*UTF8*$!
{
	archiveVersion = 1;
	classes = {
	};
	objectVersion = 56;
	objects = {

/* Begin PBXBuildFile section */
		3E10212D2B63D99700F229AC /* ProfileHeaderView.swift in Sources */ = {isa = PBXBuildFile; fileRef = 3E10212C2B63D99700F229AC /* ProfileHeaderView.swift */; };
		3EB15FCC2B74FB2C0085C80F /* LogInViewController.swift in Sources */ = {isa = PBXBuildFile; fileRef = 3EB15FCB2B74FB2C0085C80F /* LogInViewController.swift */; };
		3EB15FCE2B7CE13C0085C80F /* PostForProfile.swift in Sources */ = {isa = PBXBuildFile; fileRef = 3EB15FCD2B7CE13C0085C80F /* PostForProfile.swift */; };
		3EB15FD22B7E3A0F0085C80F /* PostTableViewCell.swift in Sources */ = {isa = PBXBuildFile; fileRef = 3EB15FD12B7E3A0F0085C80F /* PostTableViewCell.swift */; };
		3EB15FD42B8525910085C80F /* PhotosTableViewCell.swift in Sources */ = {isa = PBXBuildFile; fileRef = 3EB15FD32B8525910085C80F /* PhotosTableViewCell.swift */; };
		3EB15FD62B87D55F0085C80F /* PhotosForProfile.swift in Sources */ = {isa = PBXBuildFile; fileRef = 3EB15FD52B87D55F0085C80F /* PhotosForProfile.swift */; };
		3EB15FDA2B89FFBB0085C80F /* PhotosViewController.swift in Sources */ = {isa = PBXBuildFile; fileRef = 3EB15FD92B89FFBB0085C80F /* PhotosViewController.swift */; };
		3EB15FDC2B8A04850085C80F /* PhotoGallery.swift in Sources */ = {isa = PBXBuildFile; fileRef = 3EB15FDB2B8A04850085C80F /* PhotoGallery.swift */; };
		3EB15FDE2B8A06380085C80F /* PhotosCollectionViewCell.swift in Sources */ = {isa = PBXBuildFile; fileRef = 3EB15FDD2B8A06380085C80F /* PhotosCollectionViewCell.swift */; };
		3EE168DC2B5FBD1C0032901E /* AppDelegate.swift in Sources */ = {isa = PBXBuildFile; fileRef = 3EE168DB2B5FBD1C0032901E /* AppDelegate.swift */; };
		3EE168DE2B5FBD1C0032901E /* SceneDelegate.swift in Sources */ = {isa = PBXBuildFile; fileRef = 3EE168DD2B5FBD1C0032901E /* SceneDelegate.swift */; };
		3EE168E52B5FBD210032901E /* Assets.xcassets in Resources */ = {isa = PBXBuildFile; fileRef = 3EE168E42B5FBD210032901E /* Assets.xcassets */; };
		3EE168E82B5FBD210032901E /* LaunchScreen.storyboard in Resources */ = {isa = PBXBuildFile; fileRef = 3EE168E62B5FBD210032901E /* LaunchScreen.storyboard */; };
		3EE168F02B5FC0D20032901E /* FeedViewController.swift in Sources */ = {isa = PBXBuildFile; fileRef = 3EE168EF2B5FC0D20032901E /* FeedViewController.swift */; };
		3EE168F22B5FC0E10032901E /* ProfileViewController.swift in Sources */ = {isa = PBXBuildFile; fileRef = 3EE168F12B5FC0E10032901E /* ProfileViewController.swift */; };
		3EE168F42B6102730032901E /* PostViewController.swift in Sources */ = {isa = PBXBuildFile; fileRef = 3EE168F32B6102730032901E /* PostViewController.swift */; };
		3EE168F82B611D540032901E /* Post.swift in Sources */ = {isa = PBXBuildFile; fileRef = 3EE168F72B611D540032901E /* Post.swift */; };
		3EE168FA2B6121230032901E /* InfoViewController.swift in Sources */ = {isa = PBXBuildFile; fileRef = 3EE168F92B6121230032901E /* InfoViewController.swift */; };
		3EE88B362B949A7A005D81FA /* CustomButton.swift in Sources */ = {isa = PBXBuildFile; fileRef = 3EE88B352B949A79005D81FA /* CustomButton.swift */; };
/* End PBXBuildFile section */

/* Begin PBXFileReference section */
		3E10212C2B63D99700F229AC /* ProfileHeaderView.swift */ = {isa = PBXFileReference; lastKnownFileType = sourcecode.swift; path = ProfileHeaderView.swift; sourceTree = "<group>"; };
		3EB15FCB2B74FB2C0085C80F /* LogInViewController.swift */ = {isa = PBXFileReference; lastKnownFileType = sourcecode.swift; path = LogInViewController.swift; sourceTree = "<group>"; };
		3EB15FCD2B7CE13C0085C80F /* PostForProfile.swift */ = {isa = PBXFileReference; lastKnownFileType = sourcecode.swift; path = PostForProfile.swift; sourceTree = "<group>"; };
		3EB15FD12B7E3A0F0085C80F /* PostTableViewCell.swift */ = {isa = PBXFileReference; lastKnownFileType = sourcecode.swift; path = PostTableViewCell.swift; sourceTree = "<group>"; };
		3EB15FD32B8525910085C80F /* PhotosTableViewCell.swift */ = {isa = PBXFileReference; lastKnownFileType = sourcecode.swift; path = PhotosTableViewCell.swift; sourceTree = "<group>"; };
		3EB15FD52B87D55F0085C80F /* PhotosForProfile.swift */ = {isa = PBXFileReference; lastKnownFileType = sourcecode.swift; path = PhotosForProfile.swift; sourceTree = "<group>"; };
		3EB15FD92B89FFBB0085C80F /* PhotosViewController.swift */ = {isa = PBXFileReference; lastKnownFileType = sourcecode.swift; path = PhotosViewController.swift; sourceTree = "<group>"; };
		3EB15FDB2B8A04850085C80F /* PhotoGallery.swift */ = {isa = PBXFileReference; lastKnownFileType = sourcecode.swift; path = PhotoGallery.swift; sourceTree = "<group>"; };
		3EB15FDD2B8A06380085C80F /* PhotosCollectionViewCell.swift */ = {isa = PBXFileReference; lastKnownFileType = sourcecode.swift; path = PhotosCollectionViewCell.swift; sourceTree = "<group>"; };
		3EE168D82B5FBD1C0032901E /* Navigation.app */ = {isa = PBXFileReference; explicitFileType = wrapper.application; includeInIndex = 0; path = Navigation.app; sourceTree = BUILT_PRODUCTS_DIR; };
		3EE168DB2B5FBD1C0032901E /* AppDelegate.swift */ = {isa = PBXFileReference; lastKnownFileType = sourcecode.swift; path = AppDelegate.swift; sourceTree = "<group>"; };
		3EE168DD2B5FBD1C0032901E /* SceneDelegate.swift */ = {isa = PBXFileReference; lastKnownFileType = sourcecode.swift; path = SceneDelegate.swift; sourceTree = "<group>"; };
		3EE168E42B5FBD210032901E /* Assets.xcassets */ = {isa = PBXFileReference; lastKnownFileType = folder.assetcatalog; path = Assets.xcassets; sourceTree = "<group>"; };
		3EE168E72B5FBD210032901E /* Base */ = {isa = PBXFileReference; lastKnownFileType = file.storyboard; name = Base; path = Base.lproj/LaunchScreen.storyboard; sourceTree = "<group>"; };
		3EE168E92B5FBD210032901E /* Info.plist */ = {isa = PBXFileReference; lastKnownFileType = text.plist.xml; path = Info.plist; sourceTree = "<group>"; };
		3EE168EF2B5FC0D20032901E /* FeedViewController.swift */ = {isa = PBXFileReference; lastKnownFileType = sourcecode.swift; path = FeedViewController.swift; sourceTree = "<group>"; };
		3EE168F12B5FC0E10032901E /* ProfileViewController.swift */ = {isa = PBXFileReference; lastKnownFileType = sourcecode.swift; path = ProfileViewController.swift; sourceTree = "<group>"; };
		3EE168F32B6102730032901E /* PostViewController.swift */ = {isa = PBXFileReference; lastKnownFileType = sourcecode.swift; path = PostViewController.swift; sourceTree = "<group>"; };
		3EE168F72B611D540032901E /* Post.swift */ = {isa = PBXFileReference; lastKnownFileType = sourcecode.swift; path = Post.swift; sourceTree = "<group>"; };
		3EE168F92B6121230032901E /* InfoViewController.swift */ = {isa = PBXFileReference; lastKnownFileType = sourcecode.swift; path = InfoViewController.swift; sourceTree = "<group>"; };
		3EE88B352B949A79005D81FA /* CustomButton.swift */ = {isa = PBXFileReference; lastKnownFileType = sourcecode.swift; path = CustomButton.swift; sourceTree = "<group>"; };
/* End PBXFileReference section */

/* Begin PBXFrameworksBuildPhase section */
		3EE168D52B5FBD1C0032901E /* Frameworks */ = {
			isa = PBXFrameworksBuildPhase;
			buildActionMask = 2147483647;
			files = (
			);
			runOnlyForDeploymentPostprocessing = 0;
		};
/* End PBXFrameworksBuildPhase section */

/* Begin PBXGroup section */
		3E10212B2B63D95F00F229AC /* Profile */ = {
			isa = PBXGroup;
			children = (
				3E10212C2B63D99700F229AC /* ProfileHeaderView.swift */,
				3EE168F12B5FC0E10032901E /* ProfileViewController.swift */,
				3EB15FCB2B74FB2C0085C80F /* LogInViewController.swift */,
				3EE88B352B949A79005D81FA /* CustomButton.swift */,
				3EB15FD92B89FFBB0085C80F /* PhotosViewController.swift */,
				3EB15FCD2B7CE13C0085C80F /* PostForProfile.swift */,
				3EB15FD52B87D55F0085C80F /* PhotosForProfile.swift */,
				3EB15FDB2B8A04850085C80F /* PhotoGallery.swift */,
				3EB15FD12B7E3A0F0085C80F /* PostTableViewCell.swift */,
				3EB15FD32B8525910085C80F /* PhotosTableViewCell.swift */,
				3EB15FDD2B8A06380085C80F /* PhotosCollectionViewCell.swift */,
			);
			path = Profile;
			sourceTree = "<group>";
		};
		3EE168CF2B5FBD1B0032901E = {
			isa = PBXGroup;
			children = (
				3EE168DA2B5FBD1C0032901E /* Navigation */,
				3EE168D92B5FBD1C0032901E /* Products */,
			);
			sourceTree = "<group>";
		};
		3EE168D92B5FBD1C0032901E /* Products */ = {
			isa = PBXGroup;
			children = (
				3EE168D82B5FBD1C0032901E /* Navigation.app */,
			);
			name = Products;
			sourceTree = "<group>";
		};
		3EE168DA2B5FBD1C0032901E /* Navigation */ = {
			isa = PBXGroup;
			children = (
				3EE168DB2B5FBD1C0032901E /* AppDelegate.swift */,
				3EE168DD2B5FBD1C0032901E /* SceneDelegate.swift */,
				3E10212B2B63D95F00F229AC /* Profile */,
				3EE168F52B611C190032901E /* ViewControllers */,
				3EE168F62B611C7A0032901E /* Data */,
				3EE168E42B5FBD210032901E /* Assets.xcassets */,
				3EE168E62B5FBD210032901E /* LaunchScreen.storyboard */,
				3EE168E92B5FBD210032901E /* Info.plist */,
			);
			path = Navigation;
			sourceTree = "<group>";
		};
		3EE168F52B611C190032901E /* ViewControllers */ = {
			isa = PBXGroup;
			children = (
				3EE168EF2B5FC0D20032901E /* FeedViewController.swift */,
				3EE168F32B6102730032901E /* PostViewController.swift */,
				3EE168F92B6121230032901E /* InfoViewController.swift */,
			);
			path = ViewControllers;
			sourceTree = "<group>";
		};
		3EE168F62B611C7A0032901E /* Data */ = {
			isa = PBXGroup;
			children = (
				3EE168F72B611D540032901E /* Post.swift */,
			);
			path = Data;
			sourceTree = "<group>";
		};
/* End PBXGroup section */

/* Begin PBXNativeTarget section */
		3EE168D72B5FBD1C0032901E /* Navigation */ = {
			isa = PBXNativeTarget;
			buildConfigurationList = 3EE168EC2B5FBD210032901E /* Build configuration list for PBXNativeTarget "Navigation" */;
			buildPhases = (
				3EE168D42B5FBD1C0032901E /* Sources */,
				3EE168D52B5FBD1C0032901E /* Frameworks */,
				3EE168D62B5FBD1C0032901E /* Resources */,
			);
			buildRules = (
			);
			dependencies = (
			);
			name = Navigation;
			productName = Navigation;
			productReference = 3EE168D82B5FBD1C0032901E /* Navigation.app */;
			productType = "com.apple.product-type.application";
		};
/* End PBXNativeTarget section */

/* Begin PBXProject section */
		3EE168D02B5FBD1B0032901E /* Project object */ = {
			isa = PBXProject;
			attributes = {
				BuildIndependentTargetsInParallel = 1;
				LastSwiftUpdateCheck = 1520;
				LastUpgradeCheck = 1520;
				TargetAttributes = {
					3EE168D72B5FBD1C0032901E = {
						CreatedOnToolsVersion = 15.2;
					};
				};
			};
			buildConfigurationList = 3EE168D32B5FBD1B0032901E /* Build configuration list for PBXProject "Navigation" */;
			compatibilityVersion = "Xcode 14.0";
			developmentRegion = en;
			hasScannedForEncodings = 0;
			knownRegions = (
				en,
				Base,
			);
			mainGroup = 3EE168CF2B5FBD1B0032901E;
			productRefGroup = 3EE168D92B5FBD1C0032901E /* Products */;
			projectDirPath = "";
			projectRoot = "";
			targets = (
				3EE168D72B5FBD1C0032901E /* Navigation */,
			);
		};
/* End PBXProject section */

/* Begin PBXResourcesBuildPhase section */
		3EE168D62B5FBD1C0032901E /* Resources */ = {
			isa = PBXResourcesBuildPhase;
			buildActionMask = 2147483647;
			files = (
				3EE168E82B5FBD210032901E /* LaunchScreen.storyboard in Resources */,
				3EE168E52B5FBD210032901E /* Assets.xcassets in Resources */,
			);
			runOnlyForDeploymentPostprocessing = 0;
		};
/* End PBXResourcesBuildPhase section */

/* Begin PBXSourcesBuildPhase section */
		3EE168D42B5FBD1C0032901E /* Sources */ = {
			isa = PBXSourcesBuildPhase;
			buildActionMask = 2147483647;
			files = (
				3EB15FD42B8525910085C80F /* PhotosTableViewCell.swift in Sources */,
				3EE168F42B6102730032901E /* PostViewController.swift in Sources */,
				3EE168DC2B5FBD1C0032901E /* AppDelegate.swift in Sources */,
				3EB15FDC2B8A04850085C80F /* PhotoGallery.swift in Sources */,
				3EB15FD22B7E3A0F0085C80F /* PostTableViewCell.swift in Sources */,
				3EB15FCC2B74FB2C0085C80F /* LogInViewController.swift in Sources */,
				3EE168F22B5FC0E10032901E /* ProfileViewController.swift in Sources */,
				3EE168FA2B6121230032901E /* InfoViewController.swift in Sources */,
				3EE168F82B611D540032901E /* Post.swift in Sources */,
				3EB15FD62B87D55F0085C80F /* PhotosForProfile.swift in Sources */,
				3EE168F02B5FC0D20032901E /* FeedViewController.swift in Sources */,
				3EE168DE2B5FBD1C0032901E /* SceneDelegate.swift in Sources */,
				3EB15FDA2B89FFBB0085C80F /* PhotosViewController.swift in Sources */,
				3EE88B362B949A7A005D81FA /* CustomButton.swift in Sources */,
				3EB15FDE2B8A06380085C80F /* PhotosCollectionViewCell.swift in Sources */,
				3E10212D2B63D99700F229AC /* ProfileHeaderView.swift in Sources */,
				3EB15FCE2B7CE13C0085C80F /* PostForProfile.swift in Sources */,
			);
			runOnlyForDeploymentPostprocessing = 0;
		};
/* End PBXSourcesBuildPhase section */

/* Begin PBXVariantGroup section */
		3EE168E62B5FBD210032901E /* LaunchScreen.storyboard */ = {
			isa = PBXVariantGroup;
			children = (
				3EE168E72B5FBD210032901E /* Base */,
			);
			name = LaunchScreen.storyboard;
			sourceTree = "<group>";
		};
/* End PBXVariantGroup section */

/* Begin XCBuildConfiguration section */
		3EE168EA2B5FBD210032901E /* Debug */ = {
			isa = XCBuildConfiguration;
			buildSettings = {
				ALWAYS_SEARCH_USER_PATHS = NO;
				ASSETCATALOG_COMPILER_GENERATE_SWIFT_ASSET_SYMBOL_EXTENSIONS = YES;
				CLANG_ANALYZER_NONNULL = YES;
				CLANG_ANALYZER_NUMBER_OBJECT_CONVERSION = YES_AGGRESSIVE;
				CLANG_CXX_LANGUAGE_STANDARD = "gnu++20";
				CLANG_ENABLE_MODULES = YES;
				CLANG_ENABLE_OBJC_ARC = YES;
				CLANG_ENABLE_OBJC_WEAK = YES;
				CLANG_WARN_BLOCK_CAPTURE_AUTORELEASING = YES;
				CLANG_WARN_BOOL_CONVERSION = YES;
				CLANG_WARN_COMMA = YES;
				CLANG_WARN_CONSTANT_CONVERSION = YES;
				CLANG_WARN_DEPRECATED_OBJC_IMPLEMENTATIONS = YES;
				CLANG_WARN_DIRECT_OBJC_ISA_USAGE = YES_ERROR;
				CLANG_WARN_DOCUMENTATION_COMMENTS = YES;
				CLANG_WARN_EMPTY_BODY = YES;
				CLANG_WARN_ENUM_CONVERSION = YES;
				CLANG_WARN_INFINITE_RECURSION = YES;
				CLANG_WARN_INT_CONVERSION = YES;
				CLANG_WARN_NON_LITERAL_NULL_CONVERSION = YES;
				CLANG_WARN_OBJC_IMPLICIT_RETAIN_SELF = YES;
				CLANG_WARN_OBJC_LITERAL_CONVERSION = YES;
				CLANG_WARN_OBJC_ROOT_CLASS = YES_ERROR;
				CLANG_WARN_QUOTED_INCLUDE_IN_FRAMEWORK_HEADER = YES;
				CLANG_WARN_RANGE_LOOP_ANALYSIS = YES;
				CLANG_WARN_STRICT_PROTOTYPES = YES;
				CLANG_WARN_SUSPICIOUS_MOVE = YES;
				CLANG_WARN_UNGUARDED_AVAILABILITY = YES_AGGRESSIVE;
				CLANG_WARN_UNREACHABLE_CODE = YES;
				CLANG_WARN__DUPLICATE_METHOD_MATCH = YES;
				COPY_PHASE_STRIP = NO;
				DEBUG_INFORMATION_FORMAT = dwarf;
				ENABLE_STRICT_OBJC_MSGSEND = YES;
				ENABLE_TESTABILITY = YES;
				ENABLE_USER_SCRIPT_SANDBOXING = YES;
				GCC_C_LANGUAGE_STANDARD = gnu17;
				GCC_DYNAMIC_NO_PIC = NO;
				GCC_NO_COMMON_BLOCKS = YES;
				GCC_OPTIMIZATION_LEVEL = 0;
				GCC_PREPROCESSOR_DEFINITIONS = (
					"DEBUG=1",
					"$(inherited)",
				);
				GCC_WARN_64_TO_32_BIT_CONVERSION = YES;
				GCC_WARN_ABOUT_RETURN_TYPE = YES_ERROR;
				GCC_WARN_UNDECLARED_SELECTOR = YES;
				GCC_WARN_UNINITIALIZED_AUTOS = YES_AGGRESSIVE;
				GCC_WARN_UNUSED_FUNCTION = YES;
				GCC_WARN_UNUSED_VARIABLE = YES;
				IPHONEOS_DEPLOYMENT_TARGET = 17.2;
				LOCALIZATION_PREFERS_STRING_CATALOGS = YES;
				MTL_ENABLE_DEBUG_INFO = INCLUDE_SOURCE;
				MTL_FAST_MATH = YES;
				ONLY_ACTIVE_ARCH = YES;
				SDKROOT = iphoneos;
				SWIFT_ACTIVE_COMPILATION_CONDITIONS = "DEBUG $(inherited)";
				SWIFT_OPTIMIZATION_LEVEL = "-Onone";
			};
			name = Debug;
		};
		3EE168EB2B5FBD210032901E /* Release */ = {
			isa = XCBuildConfiguration;
			buildSettings = {
				ALWAYS_SEARCH_USER_PATHS = NO;
				ASSETCATALOG_COMPILER_GENERATE_SWIFT_ASSET_SYMBOL_EXTENSIONS = YES;
				CLANG_ANALYZER_NONNULL = YES;
				CLANG_ANALYZER_NUMBER_OBJECT_CONVERSION = YES_AGGRESSIVE;
				CLANG_CXX_LANGUAGE_STANDARD = "gnu++20";
				CLANG_ENABLE_MODULES = YES;
				CLANG_ENABLE_OBJC_ARC = YES;
				CLANG_ENABLE_OBJC_WEAK = YES;
				CLANG_WARN_BLOCK_CAPTURE_AUTORELEASING = YES;
				CLANG_WARN_BOOL_CONVERSION = YES;
				CLANG_WARN_COMMA = YES;
				CLANG_WARN_CONSTANT_CONVERSION = YES;
				CLANG_WARN_DEPRECATED_OBJC_IMPLEMENTATIONS = YES;
				CLANG_WARN_DIRECT_OBJC_ISA_USAGE = YES_ERROR;
				CLANG_WARN_DOCUMENTATION_COMMENTS = YES;
				CLANG_WARN_EMPTY_BODY = YES;
				CLANG_WARN_ENUM_CONVERSION = YES;
				CLANG_WARN_INFINITE_RECURSION = YES;
				CLANG_WARN_INT_CONVERSION = YES;
				CLANG_WARN_NON_LITERAL_NULL_CONVERSION = YES;
				CLANG_WARN_OBJC_IMPLICIT_RETAIN_SELF = YES;
				CLANG_WARN_OBJC_LITERAL_CONVERSION = YES;
				CLANG_WARN_OBJC_ROOT_CLASS = YES_ERROR;
				CLANG_WARN_QUOTED_INCLUDE_IN_FRAMEWORK_HEADER = YES;
				CLANG_WARN_RANGE_LOOP_ANALYSIS = YES;
				CLANG_WARN_STRICT_PROTOTYPES = YES;
				CLANG_WARN_SUSPICIOUS_MOVE = YES;
				CLANG_WARN_UNGUARDED_AVAILABILITY = YES_AGGRESSIVE;
				CLANG_WARN_UNREACHABLE_CODE = YES;
				CLANG_WARN__DUPLICATE_METHOD_MATCH = YES;
				COPY_PHASE_STRIP = NO;
				DEBUG_INFORMATION_FORMAT = "dwarf-with-dsym";
				ENABLE_NS_ASSERTIONS = NO;
				ENABLE_STRICT_OBJC_MSGSEND = YES;
				ENABLE_USER_SCRIPT_SANDBOXING = YES;
				GCC_C_LANGUAGE_STANDARD = gnu17;
				GCC_NO_COMMON_BLOCKS = YES;
				GCC_WARN_64_TO_32_BIT_CONVERSION = YES;
				GCC_WARN_ABOUT_RETURN_TYPE = YES_ERROR;
				GCC_WARN_UNDECLARED_SELECTOR = YES;
				GCC_WARN_UNINITIALIZED_AUTOS = YES_AGGRESSIVE;
				GCC_WARN_UNUSED_FUNCTION = YES;
				GCC_WARN_UNUSED_VARIABLE = YES;
				IPHONEOS_DEPLOYMENT_TARGET = 17.2;
				LOCALIZATION_PREFERS_STRING_CATALOGS = YES;
				MTL_ENABLE_DEBUG_INFO = NO;
				MTL_FAST_MATH = YES;
				SDKROOT = iphoneos;
				SWIFT_COMPILATION_MODE = wholemodule;
				VALIDATE_PRODUCT = YES;
			};
			name = Release;
		};
		3EE168ED2B5FBD210032901E /* Debug */ = {
			isa = XCBuildConfiguration;
			buildSettings = {
				ASSETCATALOG_COMPILER_APPICON_NAME = AppIcon;
				ASSETCATALOG_COMPILER_GLOBAL_ACCENT_COLOR_NAME = AccentColor;
				CODE_SIGN_STYLE = Automatic;
				CURRENT_PROJECT_VERSION = 1;
				GENERATE_INFOPLIST_FILE = YES;
				INFOPLIST_FILE = Navigation/Info.plist;
				INFOPLIST_KEY_UIApplicationSupportsIndirectInputEvents = YES;
				INFOPLIST_KEY_UILaunchStoryboardName = LaunchScreen;
				INFOPLIST_KEY_UISupportedInterfaceOrientations_iPad = "UIInterfaceOrientationPortrait UIInterfaceOrientationPortraitUpsideDown UIInterfaceOrientationLandscapeLeft UIInterfaceOrientationLandscapeRight";
				INFOPLIST_KEY_UISupportedInterfaceOrientations_iPhone = "UIInterfaceOrientationPortrait UIInterfaceOrientationLandscapeLeft UIInterfaceOrientationLandscapeRight";
				LD_RUNPATH_SEARCH_PATHS = (
					"$(inherited)",
					"@executable_path/Frameworks",
				);
				MARKETING_VERSION = 1.0;
				PRODUCT_BUNDLE_IDENTIFIER = com.exercise.first.Navigation;
				PRODUCT_NAME = "$(TARGET_NAME)";
				SWIFT_EMIT_LOC_STRINGS = YES;
				SWIFT_VERSION = 5.0;
				TARGETED_DEVICE_FAMILY = "1,2";
			};
			name = Debug;
		};
		3EE168EE2B5FBD210032901E /* Release */ = {
			isa = XCBuildConfiguration;
			buildSettings = {
				ASSETCATALOG_COMPILER_APPICON_NAME = AppIcon;
				ASSETCATALOG_COMPILER_GLOBAL_ACCENT_COLOR_NAME = AccentColor;
				CODE_SIGN_STYLE = Automatic;
				CURRENT_PROJECT_VERSION = 1;
				GENERATE_INFOPLIST_FILE = YES;
				INFOPLIST_FILE = Navigation/Info.plist;
				INFOPLIST_KEY_UIApplicationSupportsIndirectInputEvents = YES;
				INFOPLIST_KEY_UILaunchStoryboardName = LaunchScreen;
				INFOPLIST_KEY_UISupportedInterfaceOrientations_iPad = "UIInterfaceOrientationPortrait UIInterfaceOrientationPortraitUpsideDown UIInterfaceOrientationLandscapeLeft UIInterfaceOrientationLandscapeRight";
				INFOPLIST_KEY_UISupportedInterfaceOrientations_iPhone = "UIInterfaceOrientationPortrait UIInterfaceOrientationLandscapeLeft UIInterfaceOrientationLandscapeRight";
				LD_RUNPATH_SEARCH_PATHS = (
					"$(inherited)",
					"@executable_path/Frameworks",
				);
				MARKETING_VERSION = 1.0;
				PRODUCT_BUNDLE_IDENTIFIER = com.exercise.first.Navigation;
				PRODUCT_NAME = "$(TARGET_NAME)";
				SWIFT_EMIT_LOC_STRINGS = YES;
				SWIFT_VERSION = 5.0;
				TARGETED_DEVICE_FAMILY = "1,2";
			};
			name = Release;
		};
/* End XCBuildConfiguration section */

/* Begin XCConfigurationList section */
		3EE168D32B5FBD1B0032901E /* Build configuration list for PBXProject "Navigation" */ = {
			isa = XCConfigurationList;
			buildConfigurations = (
				3EE168EA2B5FBD210032901E /* Debug */,
				3EE168EB2B5FBD210032901E /* Release */,
			);
			defaultConfigurationIsVisible = 0;
			defaultConfigurationName = Release;
		};
		3EE168EC2B5FBD210032901E /* Build configuration list for PBXNativeTarget "Navigation" */ = {
			isa = XCConfigurationList;
			buildConfigurations = (
				3EE168ED2B5FBD210032901E /* Debug */,
				3EE168EE2B5FBD210032901E /* Release */,
			);
			defaultConfigurationIsVisible = 0;
			defaultConfigurationName = Release;
		};
/* End XCConfigurationList section */
	};
	rootObject = 3EE168D02B5FBD1B0032901E /* Project object */;
}
